{
  "object": {
    "pins": [
      {
        "package": "FMake",
        "repositoryURL": "https://github.com/l2dy-forks/FMake",
        "state": {
          "branch": null,
          "revision": "2685987b572ee6d3c04b1d1d44f6f7849e48c82f",
          "version": null
        }
      }
    ]
  },
  "version": 1
}
